// !$*UTF8*$!
{
	archiveVersion = 1;
	classes = {
	};
	objectVersion = 46;
	objects = {

/* Begin PBXBuildFile section */
		92C8EF3C19F833C30045FB05 /* AppDelegate.swift in Sources */ = {isa = PBXBuildFile; fileRef = 92C8EF3B19F833C30045FB05 /* AppDelegate.swift */; };
		92C8EF3E19F833C30045FB05 /* GameScene.swift in Sources */ = {isa = PBXBuildFile; fileRef = 92C8EF3D19F833C30045FB05 /* GameScene.swift */; };
		92C8EF4019F833C30045FB05 /* GameScene.sks in Resources */ = {isa = PBXBuildFile; fileRef = 92C8EF3F19F833C30045FB05 /* GameScene.sks */; };
		92C8EF4219F833C30045FB05 /* Images.xcassets in Resources */ = {isa = PBXBuildFile; fileRef = 92C8EF4119F833C30045FB05 /* Images.xcassets */; };
		92C8EF4519F833C30045FB05 /* MainMenu.xib in Resources */ = {isa = PBXBuildFile; fileRef = 92C8EF4319F833C30045FB05 /* MainMenu.xib */; };
		92C8EF5119F833C30045FB05 /* SpriteKitSimpleGameTests.swift in Sources */ = {isa = PBXBuildFile; fileRef = 92C8EF5019F833C30045FB05 /* SpriteKitSimpleGameTests.swift */; };
		92C8EF5F19F834BD0045FB05 /* background-music-aac.caf in Resources */ = {isa = PBXBuildFile; fileRef = 92C8EF5C19F834BD0045FB05 /* background-music-aac.caf */; };
		92C8EF6019F834BD0045FB05 /* pew-pew-lei.caf in Resources */ = {isa = PBXBuildFile; fileRef = 92C8EF5D19F834BD0045FB05 /* pew-pew-lei.caf */; };
		92C8EF6119F834BD0045FB05 /* sprites.atlas in Resources */ = {isa = PBXBuildFile; fileRef = 92C8EF5E19F834BD0045FB05 /* sprites.atlas */; };
/* End PBXBuildFile section */

/* Begin PBXContainerItemProxy section */
		92C8EF4B19F833C30045FB05 /* PBXContainerItemProxy */ = {
			isa = PBXContainerItemProxy;
			containerPortal = 92C8EF2E19F833C30045FB05 /* Project object */;
			proxyType = 1;
			remoteGlobalIDString = 92C8EF3519F833C30045FB05;
			remoteInfo = SpriteKitSimpleGame;
		};
/* End PBXContainerItemProxy section */

/* Begin PBXFileReference section */
		92C8EF3619F833C30045FB05 /* SpriteKitSimpleGame.app */ = {isa = PBXFileReference; explicitFileType = wrapper.application; includeInIndex = 0; path = SpriteKitSimpleGame.app; sourceTree = BUILT_PRODUCTS_DIR; };
		92C8EF3A19F833C30045FB05 /* Info.plist */ = {isa = PBXFileReference; lastKnownFileType = text.plist.xml; path = Info.plist; sourceTree = "<group>"; };
		92C8EF3B19F833C30045FB05 /* AppDelegate.swift */ = {isa = PBXFileReference; lastKnownFileType = sourcecode.swift; path = AppDelegate.swift; sourceTree = "<group>"; };
		92C8EF3D19F833C30045FB05 /* GameScene.swift */ = {isa = PBXFileReference; lastKnownFileType = sourcecode.swift; path = GameScene.swift; sourceTree = "<group>"; };
		92C8EF3F19F833C30045FB05 /* GameScene.sks */ = {isa = PBXFileReference; lastKnownFileType = file.sks; path = GameScene.sks; sourceTree = "<group>"; };
		92C8EF4119F833C30045FB05 /* Images.xcassets */ = {isa = PBXFileReference; lastKnownFileType = folder.assetcatalog; path = Images.xcassets; sourceTree = "<group>"; };
		92C8EF4419F833C30045FB05 /* Base */ = {isa = PBXFileReference; lastKnownFileType = file.xib; name = Base; path = Base.lproj/MainMenu.xib; sourceTree = "<group>"; };
		92C8EF4A19F833C30045FB05 /* SpriteKitSimpleGameTests.xctest */ = {isa = PBXFileReference; explicitFileType = wrapper.cfbundle; includeInIndex = 0; path = SpriteKitSimpleGameTests.xctest; sourceTree = BUILT_PRODUCTS_DIR; };
		92C8EF4F19F833C30045FB05 /* Info.plist */ = {isa = PBXFileReference; lastKnownFileType = text.plist.xml; path = Info.plist; sourceTree = "<group>"; };
		92C8EF5019F833C30045FB05 /* SpriteKitSimpleGameTests.swift */ = {isa = PBXFileReference; lastKnownFileType = sourcecode.swift; path = SpriteKitSimpleGameTests.swift; sourceTree = "<group>"; };
		92C8EF5C19F834BD0045FB05 /* background-music-aac.caf */ = {isa = PBXFileReference; lastKnownFileType = file; path = "background-music-aac.caf"; sourceTree = "<group>"; };
		92C8EF5D19F834BD0045FB05 /* pew-pew-lei.caf */ = {isa = PBXFileReference; lastKnownFileType = file; path = "pew-pew-lei.caf"; sourceTree = "<group>"; };
		92C8EF5E19F834BD0045FB05 /* sprites.atlas */ = {isa = PBXFileReference; lastKnownFileType = folder.skatlas; path = sprites.atlas; sourceTree = "<group>"; };
/* End PBXFileReference section */

/* Begin PBXFrameworksBuildPhase section */
		92C8EF3319F833C30045FB05 /* Frameworks */ = {
			isa = PBXFrameworksBuildPhase;
			buildActionMask = 2147483647;
			files = (
			);
			runOnlyForDeploymentPostprocessing = 0;
		};
		92C8EF4719F833C30045FB05 /* Frameworks */ = {
			isa = PBXFrameworksBuildPhase;
			buildActionMask = 2147483647;
			files = (
			);
			runOnlyForDeploymentPostprocessing = 0;
		};
/* End PBXFrameworksBuildPhase section */

/* Begin PBXGroup section */
		92C8EF2D19F833C30045FB05 = {
			isa = PBXGroup;
			children = (
				92C8EF5A19F834BD0045FB05 /* SpriteKitSimpleGameResources */,
				92C8EF3819F833C30045FB05 /* SpriteKitSimpleGame */,
				92C8EF4D19F833C30045FB05 /* SpriteKitSimpleGameTests */,
				92C8EF3719F833C30045FB05 /* Products */,
			);
			sourceTree = "<group>";
		};
		92C8EF3719F833C30045FB05 /* Products */ = {
			isa = PBXGroup;
			children = (
				92C8EF3619F833C30045FB05 /* SpriteKitSimpleGame.app */,
				92C8EF4A19F833C30045FB05 /* SpriteKitSimpleGameTests.xctest */,
			);
			name = Products;
			sourceTree = "<group>";
		};
		92C8EF3819F833C30045FB05 /* SpriteKitSimpleGame */ = {
			isa = PBXGroup;
			children = (
				92C8EF3B19F833C30045FB05 /* AppDelegate.swift */,
				92C8EF3D19F833C30045FB05 /* GameScene.swift */,
				92C8EF3F19F833C30045FB05 /* GameScene.sks */,
				92C8EF4119F833C30045FB05 /* Images.xcassets */,
				92C8EF4319F833C30045FB05 /* MainMenu.xib */,
				92C8EF3919F833C30045FB05 /* Supporting Files */,
			);
			path = SpriteKitSimpleGame;
			sourceTree = "<group>";
		};
		92C8EF3919F833C30045FB05 /* Supporting Files */ = {
			isa = PBXGroup;
			children = (
				92C8EF3A19F833C30045FB05 /* Info.plist */,
			);
			name = "Supporting Files";
			sourceTree = "<group>";
		};
		92C8EF4D19F833C30045FB05 /* SpriteKitSimpleGameTests */ = {
			isa = PBXGroup;
			children = (
				92C8EF5019F833C30045FB05 /* SpriteKitSimpleGameTests.swift */,
				92C8EF4E19F833C30045FB05 /* Supporting Files */,
			);
			path = SpriteKitSimpleGameTests;
			sourceTree = "<group>";
		};
		92C8EF4E19F833C30045FB05 /* Supporting Files */ = {
			isa = PBXGroup;
			children = (
				92C8EF4F19F833C30045FB05 /* Info.plist */,
			);
			name = "Supporting Files";
			sourceTree = "<group>";
		};
		92C8EF5A19F834BD0045FB05 /* SpriteKitSimpleGameResources */ = {
			isa = PBXGroup;
			children = (
				92C8EF5B19F834BD0045FB05 /* Sounds */,
				92C8EF5E19F834BD0045FB05 /* sprites.atlas */,
			);
			path = SpriteKitSimpleGameResources;
			sourceTree = "<group>";
		};
		92C8EF5B19F834BD0045FB05 /* Sounds */ = {
			isa = PBXGroup;
			children = (
				92C8EF5C19F834BD0045FB05 /* background-music-aac.caf */,
				92C8EF5D19F834BD0045FB05 /* pew-pew-lei.caf */,
			);
			path = Sounds;
			sourceTree = "<group>";
		};
/* End PBXGroup section */

/* Begin PBXNativeTarget section */
		92C8EF3519F833C30045FB05 /* SpriteKitSimpleGame */ = {
			isa = PBXNativeTarget;
			buildConfigurationList = 92C8EF5419F833C30045FB05 /* Build configuration list for PBXNativeTarget "SpriteKitSimpleGame" */;
			buildPhases = (
				92C8EF3219F833C30045FB05 /* Sources */,
				92C8EF3319F833C30045FB05 /* Frameworks */,
				92C8EF3419F833C30045FB05 /* Resources */,
			);
			buildRules = (
			);
			dependencies = (
			);
			name = SpriteKitSimpleGame;
			productName = SpriteKitSimpleGame;
			productReference = 92C8EF3619F833C30045FB05 /* SpriteKitSimpleGame.app */;
			productType = "com.apple.product-type.application";
		};
		92C8EF4919F833C30045FB05 /* SpriteKitSimpleGameTests */ = {
			isa = PBXNativeTarget;
			buildConfigurationList = 92C8EF5719F833C30045FB05 /* Build configuration list for PBXNativeTarget "SpriteKitSimpleGameTests" */;
			buildPhases = (
				92C8EF4619F833C30045FB05 /* Sources */,
				92C8EF4719F833C30045FB05 /* Frameworks */,
				92C8EF4819F833C30045FB05 /* Resources */,
			);
			buildRules = (
			);
			dependencies = (
				92C8EF4C19F833C30045FB05 /* PBXTargetDependency */,
			);
			name = SpriteKitSimpleGameTests;
			productName = SpriteKitSimpleGameTests;
			productReference = 92C8EF4A19F833C30045FB05 /* SpriteKitSimpleGameTests.xctest */;
			productType = "com.apple.product-type.bundle.unit-test";
		};
/* End PBXNativeTarget section */

/* Begin PBXProject section */
		92C8EF2E19F833C30045FB05 /* Project object */ = {
			isa = PBXProject;
			attributes = {
				LastUpgradeCheck = 0610;
				ORGANIZATIONNAME = "Smith, Michael D.";
				TargetAttributes = {
					92C8EF3519F833C30045FB05 = {
						CreatedOnToolsVersion = 6.1;
					};
					92C8EF4919F833C30045FB05 = {
						CreatedOnToolsVersion = 6.1;
						TestTargetID = 92C8EF3519F833C30045FB05;
					};
				};
			};
			buildConfigurationList = 92C8EF3119F833C30045FB05 /* Build configuration list for PBXProject "SpriteKitSimpleGame" */;
			compatibilityVersion = "Xcode 3.2";
			developmentRegion = English;
			hasScannedForEncodings = 0;
			knownRegions = (
				en,
				Base,
			);
			mainGroup = 92C8EF2D19F833C30045FB05;
			productRefGroup = 92C8EF3719F833C30045FB05 /* Products */;
			projectDirPath = "";
			projectRoot = "";
			targets = (
				92C8EF3519F833C30045FB05 /* SpriteKitSimpleGame */,
				92C8EF4919F833C30045FB05 /* SpriteKitSimpleGameTests */,
			);
		};
/* End PBXProject section */

/* Begin PBXResourcesBuildPhase section */
		92C8EF3419F833C30045FB05 /* Resources */ = {
			isa = PBXResourcesBuildPhase;
			buildActionMask = 2147483647;
			files = (
				92C8EF5F19F834BD0045FB05 /* background-music-aac.caf in Resources */,
				92C8EF4019F833C30045FB05 /* GameScene.sks in Resources */,
				92C8EF4219F833C30045FB05 /* Images.xcassets in Resources */,
				92C8EF6019F834BD0045FB05 /* pew-pew-lei.caf in Resources */,
				92C8EF6119F834BD0045FB05 /* sprites.atlas in Resources */,
				92C8EF4519F833C30045FB05 /* MainMenu.xib in Resources */,
			);
			runOnlyForDeploymentPostprocessing = 0;
		};
		92C8EF4819F833C30045FB05 /* Resources */ = {
			isa = PBXResourcesBuildPhase;
			buildActionMask = 2147483647;
			files = (
			);
			runOnlyForDeploymentPostprocessing = 0;
		};
/* End PBXResourcesBuildPhase section */

/* Begin PBXSourcesBuildPhase section */
		92C8EF3219F833C30045FB05 /* Sources */ = {
			isa = PBXSourcesBuildPhase;
			buildActionMask = 2147483647;
			files = (
				92C8EF3E19F833C30045FB05 /* GameScene.swift in Sources */,
				92C8EF3C19F833C30045FB05 /* AppDelegate.swift in Sources */,
			);
			runOnlyForDeploymentPostprocessing = 0;
		};
		92C8EF4619F833C30045FB05 /* Sources */ = {
			isa = PBXSourcesBuildPhase;
			buildActionMask = 2147483647;
			files = (
				92C8EF5119F833C30045FB05 /* SpriteKitSimpleGameTests.swift in Sources */,
			);
			runOnlyForDeploymentPostprocessing = 0;
		};
/* End PBXSourcesBuildPhase section */

/* Begin PBXTargetDependency section */
		92C8EF4C19F833C30045FB05 /* PBXTargetDependency */ = {
			isa = PBXTargetDependency;
			target = 92C8EF3519F833C30045FB05 /* SpriteKitSimpleGame */;
			targetProxy = 92C8EF4B19F833C30045FB05 /* PBXContainerItemProxy */;
		};
/* End PBXTargetDependency section */

/* Begin PBXVariantGroup section */
		92C8EF4319F833C30045FB05 /* MainMenu.xib */ = {
			isa = PBXVariantGroup;
			children = (
				92C8EF4419F833C30045FB05 /* Base */,
			);
			name = MainMenu.xib;
			sourceTree = "<group>";
		};
/* End PBXVariantGroup section */

/* Begin XCBuildConfiguration section */
		92C8EF5219F833C30045FB05 /* Debug */ = {
			isa = XCBuildConfiguration;
			buildSettings = {
				ALWAYS_SEARCH_USER_PATHS = NO;
				CLANG_CXX_LANGUAGE_STANDARD = "gnu++0x";
				CLANG_CXX_LIBRARY = "libc++";
				CLANG_ENABLE_MODULES = YES;
				CLANG_ENABLE_OBJC_ARC = YES;
				CLANG_WARN_BOOL_CONVERSION = YES;
				CLANG_WARN_CONSTANT_CONVERSION = YES;
				CLANG_WARN_DIRECT_OBJC_ISA_USAGE = YES_ERROR;
				CLANG_WARN_EMPTY_BODY = YES;
				CLANG_WARN_ENUM_CONVERSION = YES;
				CLANG_WARN_INT_CONVERSION = YES;
				CLANG_WARN_OBJC_ROOT_CLASS = YES_ERROR;
				CLANG_WARN_UNREACHABLE_CODE = YES;
				CLANG_WARN__DUPLICATE_METHOD_MATCH = YES;
				CODE_SIGN_IDENTITY = "-";
				COPY_PHASE_STRIP = NO;
				ENABLE_STRICT_OBJC_MSGSEND = YES;
				GCC_C_LANGUAGE_STANDARD = gnu99;
				GCC_DYNAMIC_NO_PIC = NO;
				GCC_OPTIMIZATION_LEVEL = 0;
				GCC_PREPROCESSOR_DEFINITIONS = (
					"DEBUG=1",
					"$(inherited)",
				);
				GCC_SYMBOLS_PRIVATE_EXTERN = NO;
				GCC_WARN_64_TO_32_BIT_CONVERSION = YES;
				GCC_WARN_ABOUT_RETURN_TYPE = YES_ERROR;
				GCC_WARN_UNDECLARED_SELECTOR = YES;
				GCC_WARN_UNINITIALIZED_AUTOS = YES_AGGRESSIVE;
				GCC_WARN_UNUSED_FUNCTION = YES;
				GCC_WARN_UNUSED_VARIABLE = YES;
				MACOSX_DEPLOYMENT_TARGET = 10.10;
				MTL_ENABLE_DEBUG_INFO = YES;
				ONLY_ACTIVE_ARCH = YES;
				SDKROOT = macosx;
				SWIFT_OPTIMIZATION_LEVEL = "-Onone";
			};
			name = Debug;
		};
		92C8EF5319F833C30045FB05 /* Release */ = {
			isa = XCBuildConfiguration;
			buildSettings = {
				ALWAYS_SEARCH_USER_PATHS = NO;
				CLANG_CXX_LANGUAGE_STANDARD = "gnu++0x";
				CLANG_CXX_LIBRARY = "libc++";
				CLANG_ENABLE_MODULES = YES;
				CLANG_ENABLE_OBJC_ARC = YES;
				CLANG_WARN_BOOL_CONVERSION = YES;
				CLANG_WARN_CONSTANT_CONVERSION = YES;
				CLANG_WARN_DIRECT_OBJC_ISA_USAGE = YES_ERROR;
				CLANG_WARN_EMPTY_BODY = YES;
				CLANG_WARN_ENUM_CONVERSION = YES;
				CLANG_WARN_INT_CONVERSION = YES;
				CLANG_WARN_OBJC_ROOT_CLASS = YES_ERROR;
				CLANG_WARN_UNREACHABLE_CODE = YES;
				CLANG_WARN__DUPLICATE_METHOD_MATCH = YES;
				CODE_SIGN_IDENTITY = "-";
				COPY_PHASE_STRIP = YES;
				DEBUG_INFORMATION_FORMAT = "dwarf-with-dsym";
				ENABLE_NS_ASSERTIONS = NO;
				ENABLE_STRICT_OBJC_MSGSEND = YES;
				GCC_C_LANGUAGE_STANDARD = gnu99;
				GCC_WARN_64_TO_32_BIT_CONVERSION = YES;
				GCC_WARN_ABOUT_RETURN_TYPE = YES_ERROR;
				GCC_WARN_UNDECLARED_SELECTOR = YES;
				GCC_WARN_UNINITIALIZED_AUTOS = YES_AGGRESSIVE;
				GCC_WARN_UNUSED_FUNCTION = YES;
				GCC_WARN_UNUSED_VARIABLE = YES;
				MACOSX_DEPLOYMENT_TARGET = 10.10;
				MTL_ENABLE_DEBUG_INFO = NO;
				SDKROOT = macosx;
			};
			name = Release;
		};
		92C8EF5519F833C30045FB05 /* Debug */ = {
			isa = XCBuildConfiguration;
			buildSettings = {
				ASSETCATALOG_COMPILER_APPICON_NAME = AppIcon;
				COMBINE_HIDPI_IMAGES = YES;
				INFOPLIST_FILE = SpriteKitSimpleGame/Info.plist;
				LD_RUNPATH_SEARCH_PATHS = "$(inherited) @executable_path/../Frameworks";
				PRODUCT_NAME = "$(TARGET_NAME)";
			};
			name = Debug;
		};
		92C8EF5619F833C30045FB05 /* Release */ = {
			isa = XCBuildConfiguration;
			buildSettings = {
				ASSETCATALOG_COMPILER_APPICON_NAME = AppIcon;
				COMBINE_HIDPI_IMAGES = YES;
				INFOPLIST_FILE = SpriteKitSimpleGame/Info.plist;
				LD_RUNPATH_SEARCH_PATHS = "$(inherited) @executable_path/../Frameworks";
				PRODUCT_NAME = "$(TARGET_NAME)";
			};
			name = Release;
		};
		92C8EF5819F833C30045FB05 /* Debug */ = {
			isa = XCBuildConfiguration;
			buildSettings = {
				BUNDLE_LOADER = "$(TEST_HOST)";
				COMBINE_HIDPI_IMAGES = YES;
				FRAMEWORK_SEARCH_PATHS = (
					"$(DEVELOPER_FRAMEWORKS_DIR)",
					"$(inherited)",
				);
				GCC_PREPROCESSOR_DEFINITIONS = (
					"DEBUG=1",
					"$(inherited)",
				);
				INFOPLIST_FILE = SpriteKitSimpleGameTests/Info.plist;
				LD_RUNPATH_SEARCH_PATHS = "$(inherited) @executable_path/../Frameworks @loader_path/../Frameworks";
				PRODUCT_NAME = "$(TARGET_NAME)";
				TEST_HOST = "$(BUILT_PRODUCTS_DIR)/SpriteKitSimpleGame.app/Contents/MacOS/SpriteKitSimpleGame";
			};
			name = Debug;
		};
		92C8EF5919F833C30045FB05 /* Release */ = {
			isa = XCBuildConfiguration;
			buildSettings = {
				BUNDLE_LOADER = "$(TEST_HOST)";
				COMBINE_HIDPI_IMAGES = YES;
				FRAMEWORK_SEARCH_PATHS = (
					"$(DEVELOPER_FRAMEWORKS_DIR)",
					"$(inherited)",
				);
				INFOPLIST_FILE = SpriteKitSimpleGameTests/Info.plist;
				LD_RUNPATH_SEARCH_PATHS = "$(inherited) @executable_path/../Frameworks @loader_path/../Frameworks";
				PRODUCT_NAME = "$(TARGET_NAME)";
				TEST_HOST = "$(BUILT_PRODUCTS_DIR)/SpriteKitSimpleGame.app/Contents/MacOS/SpriteKitSimpleGame";
			};
			name = Release;
		};
/* End XCBuildConfiguration section */

/* Begin XCConfigurationList section */
		92C8EF3119F833C30045FB05 /* Build configuration list for PBXProject "SpriteKitSimpleGame" */ = {
			isa = XCConfigurationList;
			buildConfigurations = (
				92C8EF5219F833C30045FB05 /* Debug */,
				92C8EF5319F833C30045FB05 /* Release */,
			);
			defaultConfigurationIsVisible = 0;
			defaultConfigurationName = Release;
		};
		92C8EF5419F833C30045FB05 /* Build configuration list for PBXNativeTarget "SpriteKitSimpleGame" */ = {
			isa = XCConfigurationList;
			buildConfigurations = (
				92C8EF5519F833C30045FB05 /* Debug */,
				92C8EF5619F833C30045FB05 /* Release */,
			);
			defaultConfigurationIsVisible = 0;
		};
		92C8EF5719F833C30045FB05 /* Build configuration list for PBXNativeTarget "SpriteKitSimpleGameTests" */ = {
			isa = XCConfigurationList;
			buildConfigurations = (
				92C8EF5819F833C30045FB05 /* Debug */,
				92C8EF5919F833C30045FB05 /* Release */,
			);
			defaultConfigurationIsVisible = 0;
		};
/* End XCConfigurationList section */
	};
	rootObject = 92C8EF2E19F833C30045FB05 /* Project object */;
}
